<?xml version="1.0" encoding="utf-8"?>
<Project ToolsVersion="4.0" xmlns="http://schemas.microsoft.com/developer/msbuild/2003">
  <ItemGroup>
    <Filter Include="Archivos de origen">
      <UniqueIdentifier>{4FC737F1-C7A5-4376-A066-2A32D752A2FF}</UniqueIdentifier>
      <Extensions>cpp;c;cc;cxx;c++;cppm;ixx;def;odl;idl;hpj;bat;asm;asmx</Extensions>
    </Filter>
    <Filter Include="Archivos de encabezado">
      <UniqueIdentifier>{93995380-89BD-4b04-88EB-625FBE52EBFB}</UniqueIdentifier>
      <Extensions>h;hh;hpp;hxx;h++;hm;inl;inc;ipp;xsd</Extensions>
    </Filter>
    <Filter Include="Archivos de recursos">
      <UniqueIdentifier>{67DA6AB6-F800-4c08-8B7A-83BB121AAD01}</UniqueIdentifier>
      <Extensions>rc;ico;cur;bmp;dlg;rc2;rct;bin;rgs;gif;jpg;jpeg;jpe;resx;tiff;tif;png;wav;mfcribbon-ms</Extensions>
    </Filter>
  </ItemGroup>
  <ItemGroup>
    <ClCompile Include="..\NSGA-II(SIP)\Allocation.c">
      <Filter>Archivos de origen</Filter>
    </ClCompile>
    <ClCompile Include="..\NSGA-II(SIP)\Crossover.c">
      <Filter>Archivos de origen</Filter>
    </ClCompile>
    <ClCompile Include="..\NSGA-II(SIP)\CrowdDistance.c">
      <Filter>Archivos de origen</Filter>
    </ClCompile>
    <ClCompile Include="..\NSGA-II(SIP)\EnvironmentSelection.c">
      <Filter>Archivos de origen</Filter>
    </ClCompile>
    <ClCompile Include="..\NSGA-II(SIP)\Evaluation.c">
      <Filter>Archivos de origen</Filter>
    </ClCompile>
    <ClCompile Include="..\NSGA-II(SIP)\Global.c">
      <Filter>Archivos de origen</Filter>
    </ClCompile>
    <ClCompile Include="..\NSGA-II(SIP)\IndividualComparison.c">
      <Filter>Archivos de origen</Filter>
    </ClCompile>
    <ClCompile Include="..\NSGA-II(SIP)\Initialisation.c">
      <Filter>Archivos de origen</Filter>
    </ClCompile>
    <ClCompile Include="..\NSGA-II(SIP)\List.c">
      <Filter>Archivos de origen</Filter>
    </ClCompile>
    <ClCompile Include="..\NSGA-II(SIP)\main.c">
      <Filter>Archivos de origen</Filter>
    </ClCompile>
    <ClCompile Include="..\NSGA-II(SIP)\MatingSelection.c">
      <Filter>Archivos de origen</Filter>
    </ClCompile>
    <ClCompile Include="..\NSGA-II(SIP)\Merging.c">
      <Filter>Archivos de origen</Filter>
    </ClCompile>
    <ClCompile Include="..\NSGA-II(SIP)\Mutation.c">
      <Filter>Archivos de origen</Filter>
    </ClCompile>
    <ClCompile Include="..\NSGA-II(SIP)\Problem.c">
      <Filter>Archivos de origen</Filter>
    </ClCompile>
    <ClCompile Include="..\NSGA-II(SIP)\Random.c">
      <Filter>Archivos de origen</Filter>
    </ClCompile>
    <ClCompile Include="..\NSGA-II(SIP)\Rank.c">
      <Filter>Archivos de origen</Filter>
    </ClCompile>
    <ClCompile Include="..\NSGA-II(SIP)\Report.c">
      <Filter>Archivos de origen</Filter>
    </ClCompile>
    <ClCompile Include="..\NSGA-II(SIP)\Sorting.c">
      <Filter>Archivos de origen</Filter>
    </ClCompile>
  </ItemGroup>
  <ItemGroup>
    <ClInclude Include="..\NSGA-II(SIP)\AntiCode.h">
      <Filter>Archivos de encabezado</Filter>
    </ClInclude>
    <ClInclude Include="..\NSGA-II(SIP)\Global.h">
      <Filter>Archivos de encabezado</Filter>
    </ClInclude>
    <ClInclude Include="..\NSGA-II(SIP)\Random.h">
      <Filter>Archivos de encabezado</Filter>
    </ClInclude>
    <ClInclude Include="..\NSGA-II(SIP)\Violation.h">
      <Filter>Archivos de encabezado</Filter>
    </ClInclude>
  </ItemGroup>
</Project>